
Microsoft Visual Studio Solution File, Format Version 10.00
# Visual Studio 2008
Project("{2150E333-8FDC-42A3-9474-1A3956D46DE8}") = "Solution Items", "Solution Items", "{BABA278D-C530-4D29-84E4-BB673EFCC0C3}"
EndProject
Project("{2150E333-8FDC-42A3-9474-1A3956D46DE8}") = "ConvertEntities", "ConvertEntities", "{5A863FD7-EF7A-4A63-A159-21B1AC2252C3}"
EndProject
Project("{FAE04EC0-301F-11D3-BF4B-00C04F79EFBC}") = "NConvert", "NConvert\NConvert.csproj", "{57BB47B2-5FEF-45EB-A13F-D22E69C1112E}"
EndProject
Project("{FAE04EC0-301F-11D3-BF4B-00C04F79EFBC}") = "NConvert.cvc20beta_dnt21202", "NConvert.cvc20beta_dnt21202\NConvert.cvc20beta_dnt21202.csproj", "{56FFEA62-B784-4BE3-923B-9F12118BDFD3}"
EndProject
Project("{FAE04EC0-301F-11D3-BF4B-00C04F79EFBC}") = "DBTools", "DBTools\DBTools.csproj", "{7899A3EE-F5FA-4167-8A35-138C32427FCA}"
EndProject
Project("{FAE04EC0-301F-11D3-BF4B-00C04F79EFBC}") = "NConvert.dvnet11_dnt21202", "NConvert.dvnet11_dnt21202\NConvert.dvnet11_dnt21202.csproj", "{C559D014-62B5-498C-ADAF-8A50F8C3A707}"
EndProject
Project("{FAE04EC0-301F-11D3-BF4B-00C04F79EFBC}") = "Natsume.Tools.TinyData", "Natsume.Tools.TinyData\Natsume.Tools.TinyData.csproj", "{5CB1FF30-C7C4-4FAB-B295-6330D2BF988F}"
EndProject
Project("{FAE04EC0-301F-11D3-BF4B-00C04F79EFBC}") = "NConvert.lybbs70_dnt31", "NConvert.lybbs70_dnt31\NConvert.lybbs70_dnt31.csproj", "{09823552-0BE2-42AC-85F0-91CFF9E9B7CA}"
EndProject
Project("{FAE04EC0-301F-11D3-BF4B-00C04F79EFBC}") = "DeepinSummer", "..\..\..\DeepinSummer\trunk\DeepinSummer\DeepinSummer.csproj", "{67268E9E-AA3B-4D9E-956A-158922DA6B79}"
EndProject
Project("{FAE04EC0-301F-11D3-BF4B-00C04F79EFBC}") = "NConvert.dnt30_dzx15", "NConvert.dnt30_dzx15\NConvert.dnt30_dzx15.csproj", "{57D6317E-ED27-4C09-B921-7390D8328795}"
EndProject
Global
	GlobalSection(SolutionConfigurationPlatforms) = preSolution
		Debug|Any CPU = Debug|Any CPU
		Debug|x86 = Debug|x86
		Release|Any CPU = Release|Any CPU
		Release|x86 = Release|x86
	EndGlobalSection
	GlobalSection(ProjectConfigurationPlatforms) = postSolution
		{57BB47B2-5FEF-45EB-A13F-D22E69C1112E}.Debug|Any CPU.ActiveCfg = Debug|Any CPU
		{57BB47B2-5FEF-45EB-A13F-D22E69C1112E}.Debug|Any CPU.Build.0 = Debug|Any CPU
		{57BB47B2-5FEF-45EB-A13F-D22E69C1112E}.Debug|x86.ActiveCfg = Debug|Any CPU
		{57BB47B2-5FEF-45EB-A13F-D22E69C1112E}.Release|Any CPU.ActiveCfg = Release|Any CPU
		{57BB47B2-5FEF-45EB-A13F-D22E69C1112E}.Release|Any CPU.Build.0 = Release|Any CPU
		{57BB47B2-5FEF-45EB-A13F-D22E69C1112E}.Release|x86.ActiveCfg = Release|Any CPU
		{56FFEA62-B784-4BE3-923B-9F12118BDFD3}.Debug|Any CPU.ActiveCfg = Debug|Any CPU
		{56FFEA62-B784-4BE3-923B-9F12118BDFD3}.Debug|x86.ActiveCfg = Debug|Any CPU
		{56FFEA62-B784-4BE3-923B-9F12118BDFD3}.Release|Any CPU.ActiveCfg = Release|Any CPU
		{56FFEA62-B784-4BE3-923B-9F12118BDFD3}.Release|x86.ActiveCfg = Release|Any CPU
		{7899A3EE-F5FA-4167-8A35-138C32427FCA}.Debug|Any CPU.ActiveCfg = Debug|Any CPU
		{7899A3EE-F5FA-4167-8A35-138C32427FCA}.Debug|Any CPU.Build.0 = Debug|Any CPU
		{7899A3EE-F5FA-4167-8A35-138C32427FCA}.Debug|x86.ActiveCfg = Debug|Any CPU
		{7899A3EE-F5FA-4167-8A35-138C32427FCA}.Release|Any CPU.ActiveCfg = Release|Any CPU
		{7899A3EE-F5FA-4167-8A35-138C32427FCA}.Release|Any CPU.Build.0 = Release|Any CPU
		{7899A3EE-F5FA-4167-8A35-138C32427FCA}.Release|x86.ActiveCfg = Release|Any CPU
		{C559D014-62B5-498C-ADAF-8A50F8C3A707}.Debug|Any CPU.ActiveCfg = Debug|Any CPU
		{C559D014-62B5-498C-ADAF-8A50F8C3A707}.Debug|x86.ActiveCfg = Debug|Any CPU
		{C559D014-62B5-498C-ADAF-8A50F8C3A707}.Release|Any CPU.ActiveCfg = Release|Any CPU
		{C559D014-62B5-498C-ADAF-8A50F8C3A707}.Release|x86.ActiveCfg = Release|Any CPU
		{5CB1FF30-C7C4-4FAB-B295-6330D2BF988F}.Debug|Any CPU.ActiveCfg = Debug|Any CPU
		{5CB1FF30-C7C4-4FAB-B295-6330D2BF988F}.Debug|Any CPU.Build.0 = Debug|Any CPU
		{5CB1FF30-C7C4-4FAB-B295-6330D2BF988F}.Debug|x86.ActiveCfg = Debug|Any CPU
		{5CB1FF30-C7C4-4FAB-B295-6330D2BF988F}.Release|Any CPU.ActiveCfg = Release|Any CPU
		{5CB1FF30-C7C4-4FAB-B295-6330D2BF988F}.Release|Any CPU.Build.0 = Release|Any CPU
		{5CB1FF30-C7C4-4FAB-B295-6330D2BF988F}.Release|x86.ActiveCfg = Release|Any CPU
		{09823552-0BE2-42AC-85F0-91CFF9E9B7CA}.Debug|Any CPU.ActiveCfg = Debug|Any CPU
		{09823552-0BE2-42AC-85F0-91CFF9E9B7CA}.Debug|x86.ActiveCfg = Debug|Any CPU
		{09823552-0BE2-42AC-85F0-91CFF9E9B7CA}.Release|Any CPU.ActiveCfg = Release|Any CPU
		{09823552-0BE2-42AC-85F0-91CFF9E9B7CA}.Release|x86.ActiveCfg = Release|Any CPU
		{67268E9E-AA3B-4D9E-956A-158922DA6B79}.Debug|Any CPU.ActiveCfg = Debug|Any CPU
		{67268E9E-AA3B-4D9E-956A-158922DA6B79}.Debug|Any CPU.Build.0 = Debug|Any CPU
		{67268E9E-AA3B-4D9E-956A-158922DA6B79}.Debug|x86.ActiveCfg = Debug|Any CPU
		{67268E9E-AA3B-4D9E-956A-158922DA6B79}.Release|Any CPU.ActiveCfg = Release|Any CPU
		{67268E9E-AA3B-4D9E-956A-158922DA6B79}.Release|Any CPU.Build.0 = Release|Any CPU
		{67268E9E-AA3B-4D9E-956A-158922DA6B79}.Release|x86.ActiveCfg = Release|Any CPU
		{57D6317E-ED27-4C09-B921-7390D8328795}.Debug|Any CPU.ActiveCfg = Debug|Any CPU
		{57D6317E-ED27-4C09-B921-7390D8328795}.Debug|Any CPU.Build.0 = Debug|Any CPU
		{57D6317E-ED27-4C09-B921-7390D8328795}.Debug|x86.ActiveCfg = Debug|Any CPU
		{57D6317E-ED27-4C09-B921-7390D8328795}.Release|Any CPU.ActiveCfg = Release|Any CPU
		{57D6317E-ED27-4C09-B921-7390D8328795}.Release|Any CPU.Build.0 = Release|Any CPU
		{57D6317E-ED27-4C09-B921-7390D8328795}.Release|x86.ActiveCfg = Release|Any CPU
	EndGlobalSection
	GlobalSection(SolutionProperties) = preSolution
		HideSolutionNode = FALSE
	EndGlobalSection
	GlobalSection(NestedProjects) = preSolution
		{56FFEA62-B784-4BE3-923B-9F12118BDFD3} = {5A863FD7-EF7A-4A63-A159-21B1AC2252C3}
		{C559D014-62B5-498C-ADAF-8A50F8C3A707} = {5A863FD7-EF7A-4A63-A159-21B1AC2252C3}
		{09823552-0BE2-42AC-85F0-91CFF9E9B7CA} = {5A863FD7-EF7A-4A63-A159-21B1AC2252C3}
		{57D6317E-ED27-4C09-B921-7390D8328795} = {5A863FD7-EF7A-4A63-A159-21B1AC2252C3}
	EndGlobalSection
EndGlobal
