
Microsoft Visual Studio Solution File, Format Version 10.00
# Visual Studio 2008
Project("{FAE04EC0-301F-11D3-BF4B-00C04F79EFBC}") = "NConvert", "NConvert\NConvert.csproj", "{57BB47B2-5FEF-45EB-A13F-D22E69C1112E}"
EndProject
Project("{2150E333-8FDC-42A3-9474-1A3956D46DE8}") = "Solution Items", "Solution Items", "{BABA278D-C530-4D29-84E4-BB673EFCC0C3}"
	ProjectSection(SolutionItems) = preProject
		LocalTestRun.testrunconfig = LocalTestRun.testrunconfig
		NConvert.vsmdi = NConvert.vsmdi
	EndProjectSection
EndProject
Project("{FAE04EC0-301F-11D3-BF4B-00C04F79EFBC}") = "NConvert.cvc20beta_dnt21202", "NConvert.cvc20beta_dnt21202\NConvert.cvc20beta_dnt21202.csproj", "{56FFEA62-B784-4BE3-923B-9F12118BDFD3}"
EndProject
Project("{FAE04EC0-301F-11D3-BF4B-00C04F79EFBC}") = "DBTools", "DBTools\DBTools.csproj", "{7899A3EE-F5FA-4167-8A35-138C32427FCA}"
EndProject
Project("{FAE04EC0-301F-11D3-BF4B-00C04F79EFBC}") = "NConvert.dvnet11_dnt21202", "NConvert.dvnet11_dnt21202\NConvert.dvnet11_dnt21202.csproj", "{C559D014-62B5-498C-ADAF-8A50F8C3A707}"
EndProject
Project("{FAE04EC0-301F-11D3-BF4B-00C04F79EFBC}") = "Natsume.Tools.TinyData", "Natsume.Tools.TinyData\Natsume.Tools.TinyData.csproj", "{5CB1FF30-C7C4-4FAB-B295-6330D2BF988F}"
EndProject
Project("{FAE04EC0-301F-11D3-BF4B-00C04F79EFBC}") = "NConvert.TestCase", "NConvert.TestCase\NConvert.TestCase.csproj", "{58B0244A-4D44-4194-B520-22A1BEFB60D4}"
EndProject
Project("{FAE04EC0-301F-11D3-BF4B-00C04F79EFBC}") = "NConvert.TestForm", "NConvert.TestForm\NConvert.TestForm.csproj", "{88DC1D46-AB5C-43BA-A5E5-778578F98756}"
EndProject
Global
	GlobalSection(TestCaseManagementSettings) = postSolution
		CategoryFile = NConvert.vsmdi
	EndGlobalSection
	GlobalSection(SolutionConfigurationPlatforms) = preSolution
		Debug|Any CPU = Debug|Any CPU
		Release|Any CPU = Release|Any CPU
	EndGlobalSection
	GlobalSection(ProjectConfigurationPlatforms) = postSolution
		{57BB47B2-5FEF-45EB-A13F-D22E69C1112E}.Debug|Any CPU.ActiveCfg = Debug|Any CPU
		{57BB47B2-5FEF-45EB-A13F-D22E69C1112E}.Debug|Any CPU.Build.0 = Debug|Any CPU
		{57BB47B2-5FEF-45EB-A13F-D22E69C1112E}.Release|Any CPU.ActiveCfg = Release|Any CPU
		{57BB47B2-5FEF-45EB-A13F-D22E69C1112E}.Release|Any CPU.Build.0 = Release|Any CPU
		{56FFEA62-B784-4BE3-923B-9F12118BDFD3}.Debug|Any CPU.ActiveCfg = Debug|Any CPU
		{56FFEA62-B784-4BE3-923B-9F12118BDFD3}.Debug|Any CPU.Build.0 = Debug|Any CPU
		{56FFEA62-B784-4BE3-923B-9F12118BDFD3}.Release|Any CPU.ActiveCfg = Release|Any CPU
		{56FFEA62-B784-4BE3-923B-9F12118BDFD3}.Release|Any CPU.Build.0 = Release|Any CPU
		{7899A3EE-F5FA-4167-8A35-138C32427FCA}.Debug|Any CPU.ActiveCfg = Debug|Any CPU
		{7899A3EE-F5FA-4167-8A35-138C32427FCA}.Debug|Any CPU.Build.0 = Debug|Any CPU
		{7899A3EE-F5FA-4167-8A35-138C32427FCA}.Release|Any CPU.ActiveCfg = Release|Any CPU
		{7899A3EE-F5FA-4167-8A35-138C32427FCA}.Release|Any CPU.Build.0 = Release|Any CPU
		{C559D014-62B5-498C-ADAF-8A50F8C3A707}.Debug|Any CPU.ActiveCfg = Debug|Any CPU
		{C559D014-62B5-498C-ADAF-8A50F8C3A707}.Debug|Any CPU.Build.0 = Debug|Any CPU
		{C559D014-62B5-498C-ADAF-8A50F8C3A707}.Release|Any CPU.ActiveCfg = Release|Any CPU
		{C559D014-62B5-498C-ADAF-8A50F8C3A707}.Release|Any CPU.Build.0 = Release|Any CPU
		{5CB1FF30-C7C4-4FAB-B295-6330D2BF988F}.Debug|Any CPU.ActiveCfg = Debug|Any CPU
		{5CB1FF30-C7C4-4FAB-B295-6330D2BF988F}.Debug|Any CPU.Build.0 = Debug|Any CPU
		{5CB1FF30-C7C4-4FAB-B295-6330D2BF988F}.Release|Any CPU.ActiveCfg = Release|Any CPU
		{5CB1FF30-C7C4-4FAB-B295-6330D2BF988F}.Release|Any CPU.Build.0 = Release|Any CPU
		{58B0244A-4D44-4194-B520-22A1BEFB60D4}.Debug|Any CPU.ActiveCfg = Debug|Any CPU
		{58B0244A-4D44-4194-B520-22A1BEFB60D4}.Debug|Any CPU.Build.0 = Debug|Any CPU
		{58B0244A-4D44-4194-B520-22A1BEFB60D4}.Release|Any CPU.ActiveCfg = Release|Any CPU
		{58B0244A-4D44-4194-B520-22A1BEFB60D4}.Release|Any CPU.Build.0 = Release|Any CPU
		{88DC1D46-AB5C-43BA-A5E5-778578F98756}.Debug|Any CPU.ActiveCfg = Debug|Any CPU
		{88DC1D46-AB5C-43BA-A5E5-778578F98756}.Debug|Any CPU.Build.0 = Debug|Any CPU
		{88DC1D46-AB5C-43BA-A5E5-778578F98756}.Release|Any CPU.ActiveCfg = Release|Any CPU
		{88DC1D46-AB5C-43BA-A5E5-778578F98756}.Release|Any CPU.Build.0 = Release|Any CPU
	EndGlobalSection
	GlobalSection(SolutionProperties) = preSolution
		HideSolutionNode = FALSE
	EndGlobalSection
EndGlobal
